
Microsoft Visual Studio Solution File, Format Version 12.00
# Visual Studio Version 17
VisualStudioVersion = 17.3.32901.215
MinimumVisualStudioVersion = 10.0.40219.1
Project("{FAE04EC0-301F-11D3-BF4B-00C04F79EFBC}") = "Week6StringsAndArrays", "Week6StringsAndArrays\Week6StringsAndArrays.csproj", "{9F9B864E-287E-499A-B057-6FE275FEF92B}"
EndProject
Project("{FAE04EC0-301F-11D3-BF4B-00C04F79EFBC}") = "Arrays", "Arrays\Arrays.csproj", "{CF4815E6-E0AE-4A6B-B893-55661B8AB7B9}"
EndProject
Project("{FAE04EC0-301F-11D3-BF4B-00C04F79EFBC}") = "NumberArrays", "NumberArrays\NumberArrays.csproj", "{86C2FFA4-8AB7-4A1E-96AE-F360EB5A897B}"
EndProject
Project("{FAE04EC0-301F-11D3-BF4B-00C04F79EFBC}") = "RandomElement", "RandomElement\RandomElement.csproj", "{2935D5A6-FEE6-42AC-A8C1-4A326B47A9E4}"
EndProject
Global
	GlobalSection(SolutionConfigurationPlatforms) = preSolution
		Debug|Any CPU = Debug|Any CPU
		Release|Any CPU = Release|Any CPU
	EndGlobalSection
	GlobalSection(ProjectConfigurationPlatforms) = postSolution
		{9F9B864E-287E-499A-B057-6FE275FEF92B}.Debug|Any CPU.ActiveCfg = Debug|Any CPU
		{9F9B864E-287E-499A-B057-6FE275FEF92B}.Debug|Any CPU.Build.0 = Debug|Any CPU
		{9F9B864E-287E-499A-B057-6FE275FEF92B}.Release|Any CPU.ActiveCfg = Release|Any CPU
		{9F9B864E-287E-499A-B057-6FE275FEF92B}.Release|Any CPU.Build.0 = Release|Any CPU
		{CF4815E6-E0AE-4A6B-B893-55661B8AB7B9}.Debug|Any CPU.ActiveCfg = Debug|Any CPU
		{CF4815E6-E0AE-4A6B-B893-55661B8AB7B9}.Debug|Any CPU.Build.0 = Debug|Any CPU
		{CF4815E6-E0AE-4A6B-B893-55661B8AB7B9}.Release|Any CPU.ActiveCfg = Release|Any CPU
		{CF4815E6-E0AE-4A6B-B893-55661B8AB7B9}.Release|Any CPU.Build.0 = Release|Any CPU
		{86C2FFA4-8AB7-4A1E-96AE-F360EB5A897B}.Debug|Any CPU.ActiveCfg = Debug|Any CPU
		{86C2FFA4-8AB7-4A1E-96AE-F360EB5A897B}.Debug|Any CPU.Build.0 = Debug|Any CPU
		{86C2FFA4-8AB7-4A1E-96AE-F360EB5A897B}.Release|Any CPU.ActiveCfg = Release|Any CPU
		{86C2FFA4-8AB7-4A1E-96AE-F360EB5A897B}.Release|Any CPU.Build.0 = Release|Any CPU
		{2935D5A6-FEE6-42AC-A8C1-4A326B47A9E4}.Debug|Any CPU.ActiveCfg = Debug|Any CPU
		{2935D5A6-FEE6-42AC-A8C1-4A326B47A9E4}.Debug|Any CPU.Build.0 = Debug|Any CPU
		{2935D5A6-FEE6-42AC-A8C1-4A326B47A9E4}.Release|Any CPU.ActiveCfg = Release|Any CPU
		{2935D5A6-FEE6-42AC-A8C1-4A326B47A9E4}.Release|Any CPU.Build.0 = Release|Any CPU
	EndGlobalSection
	GlobalSection(SolutionProperties) = preSolution
		HideSolutionNode = FALSE
	EndGlobalSection
	GlobalSection(ExtensibilityGlobals) = postSolution
		SolutionGuid = {6891FA11-E761-4CC5-914D-F73A600D9765}
	EndGlobalSection
EndGlobal
